
Microsoft Visual Studio Solution File, Format Version 12.00
# Visual Studio Version 17
VisualStudioVersion = 17.14.37012.4 d17.14
MinimumVisualStudioVersion = 10.0.40219.1
Project("{FAE04EC0-301F-11D3-BF4B-00C04F79EFBC}") = "SingalRToturial", "SingalRToturial\SingalRToturial.csproj", "{59387F80-57FE-4015-8E22-8891B711A1DE}"
EndProject
Project("{FAE04EC0-301F-11D3-BF4B-00C04F79EFBC}") = "SignalR.blazor", "SignalR.blazor\SignalR.blazor.csproj", "{21BBA7D3-6D49-495E-8A25-C1E2BC6D28E2}"
EndProject
Global
	GlobalSection(SolutionConfigurationPlatforms) = preSolution
		Debug|Any CPU = Debug|Any CPU
		Release|Any CPU = Release|Any CPU
	EndGlobalSection
	GlobalSection(ProjectConfigurationPlatforms) = postSolution
		{59387F80-57FE-4015-8E22-8891B711A1DE}.Debug|Any CPU.ActiveCfg = Debug|Any CPU
		{59387F80-57FE-4015-8E22-8891B711A1DE}.Debug|Any CPU.Build.0 = Debug|Any CPU
		{59387F80-57FE-4015-8E22-8891B711A1DE}.Release|Any CPU.ActiveCfg = Release|Any CPU
		{59387F80-57FE-4015-8E22-8891B711A1DE}.Release|Any CPU.Build.0 = Release|Any CPU
		{21BBA7D3-6D49-495E-8A25-C1E2BC6D28E2}.Debug|Any CPU.ActiveCfg = Debug|Any CPU
		{21BBA7D3-6D49-495E-8A25-C1E2BC6D28E2}.Debug|Any CPU.Build.0 = Debug|Any CPU
		{21BBA7D3-6D49-495E-8A25-C1E2BC6D28E2}.Release|Any CPU.ActiveCfg = Release|Any CPU
		{21BBA7D3-6D49-495E-8A25-C1E2BC6D28E2}.Release|Any CPU.Build.0 = Release|Any CPU
	EndGlobalSection
	GlobalSection(SolutionProperties) = preSolution
		HideSolutionNode = FALSE
	EndGlobalSection
	GlobalSection(ExtensibilityGlobals) = postSolution
		SolutionGuid = {BDB6578B-AC72-46F1-9F45-80D4B771FA96}
	EndGlobalSection
EndGlobal
